
Microsoft Visual Studio Solution File, Format Version 12.00
# Visual Studio Version 16
VisualStudioVersion = 16.0.30406.217
MinimumVisualStudioVersion = 10.0.40219.1
Project("{9A19103F-16F7-4668-BE54-9A1E7A4F7556}") = "SarifWorld.App", "SarifWorld.App\SarifWorld.App.csproj", "{35FE687D-F63F-4759-A3C5-6F8D6097AB5A}"
EndProject
Project("{9A19103F-16F7-4668-BE54-9A1E7A4F7556}") = "SarifWorld.ComponentsLibrary", "SarifWorld.ComponentsLibrary\SarifWorld.ComponentsLibrary.csproj", "{20637FEC-F09E-4DE8-9539-7406129E8A96}"
EndProject
Project("{9A19103F-16F7-4668-BE54-9A1E7A4F7556}") = "SarifWorld.ComponentsLibrary.Tests", "SarifWorld.ComponentsLibrary.Tests\SarifWorld.ComponentsLibrary.Tests.csproj", "{80A3F3A2-A461-450A-8234-303748BE8B00}"
EndProject
Global
	GlobalSection(SolutionConfigurationPlatforms) = preSolution
		Debug|Any CPU = Debug|Any CPU
		Release|Any CPU = Release|Any CPU
	EndGlobalSection
	GlobalSection(ProjectConfigurationPlatforms) = postSolution
		{35FE687D-F63F-4759-A3C5-6F8D6097AB5A}.Debug|Any CPU.ActiveCfg = Debug|Any CPU
		{35FE687D-F63F-4759-A3C5-6F8D6097AB5A}.Debug|Any CPU.Build.0 = Debug|Any CPU
		{35FE687D-F63F-4759-A3C5-6F8D6097AB5A}.Release|Any CPU.ActiveCfg = Release|Any CPU
		{35FE687D-F63F-4759-A3C5-6F8D6097AB5A}.Release|Any CPU.Build.0 = Release|Any CPU
		{20637FEC-F09E-4DE8-9539-7406129E8A96}.Debug|Any CPU.ActiveCfg = Debug|Any CPU
		{20637FEC-F09E-4DE8-9539-7406129E8A96}.Debug|Any CPU.Build.0 = Debug|Any CPU
		{20637FEC-F09E-4DE8-9539-7406129E8A96}.Release|Any CPU.ActiveCfg = Release|Any CPU
		{20637FEC-F09E-4DE8-9539-7406129E8A96}.Release|Any CPU.Build.0 = Release|Any CPU
		{80A3F3A2-A461-450A-8234-303748BE8B00}.Debug|Any CPU.ActiveCfg = Debug|Any CPU
		{80A3F3A2-A461-450A-8234-303748BE8B00}.Debug|Any CPU.Build.0 = Debug|Any CPU
		{80A3F3A2-A461-450A-8234-303748BE8B00}.Release|Any CPU.ActiveCfg = Release|Any CPU
		{80A3F3A2-A461-450A-8234-303748BE8B00}.Release|Any CPU.Build.0 = Release|Any CPU
	EndGlobalSection
	GlobalSection(SolutionProperties) = preSolution
		HideSolutionNode = FALSE
	EndGlobalSection
	GlobalSection(ExtensibilityGlobals) = postSolution
		SolutionGuid = {DE54C0FD-C0E2-4886-A046-C9B48A1F3914}
	EndGlobalSection
EndGlobal
